// !$*UTF8*$!
{
	archiveVersion = 1;
	classes = {
	};
	objectVersion = 51;
	objects = {

/* Begin PBXBuildFile section */
		7DBA8B9E29349FB100FDB6C8 /* ProjectTag.swift in Sources */ = {isa = PBXBuildFile; fileRef = 7DBA8B9D29349FB100FDB6C8 /* ProjectTag.swift */; };
		C6160CE124BC5A5C00ACEA7C /* PPG_framework.framework in Frameworks */ = {isa = PBXBuildFile; fileRef = C6160CD724BC5A5C00ACEA7C /* PPG_framework.framework */; };
		C6160CE624BC5A5C00ACEA7C /* PPG_frameworkTests.swift in Sources */ = {isa = PBXBuildFile; fileRef = C6160CE524BC5A5C00ACEA7C /* PPG_frameworkTests.swift */; };
		C6160CE824BC5A5C00ACEA7C /* PPG_framework.h in Headers */ = {isa = PBXBuildFile; fileRef = C6160CDA24BC5A5C00ACEA7C /* PPG_framework.h */; settings = {ATTRIBUTES = (Public, ); }; };
		C6160CF224BC5BC700ACEA7C /* PPG.swift in Sources */ = {isa = PBXBuildFile; fileRef = C6160CF124BC5BC700ACEA7C /* PPG.swift */; };
		C6160CF424BC5FAD00ACEA7C /* Enums.swift in Sources */ = {isa = PBXBuildFile; fileRef = C6160CF324BC5FAD00ACEA7C /* Enums.swift */; };
		C629360E24BDCC5B00485D4B /* ApiService.swift in Sources */ = {isa = PBXBuildFile; fileRef = C629360D24BDCC5B00485D4B /* ApiService.swift */; };
		C630D24324BDEAAD00F86145 /* SharedData.swift in Sources */ = {isa = PBXBuildFile; fileRef = C630D24224BDEAAD00F86145 /* SharedData.swift */; };
		C655331F24C034E200A5BE17 /* ApiModels.swift in Sources */ = {isa = PBXBuildFile; fileRef = C655331E24C034E200A5BE17 /* ApiModels.swift */; };
		C655332924C050C200A5BE17 /* Beacon.swift in Sources */ = {isa = PBXBuildFile; fileRef = C655332824C050C200A5BE17 /* Beacon.swift */; };
		C655332B24C050D500A5BE17 /* Event.swift in Sources */ = {isa = PBXBuildFile; fileRef = C655332A24C050D500A5BE17 /* Event.swift */; };
		C655338024DBFB3000EABF8B /* UNNotificationAttachment+Init.swift in Sources */ = {isa = PBXBuildFile; fileRef = C655337F24DBFB3000EABF8B /* UNNotificationAttachment+Init.swift */; };
		C6D4914E24C07A1D000B5A6B /* URLRequest+Headers.swift in Sources */ = {isa = PBXBuildFile; fileRef = C6D4914D24C07A1D000B5A6B /* URLRequest+Headers.swift */; };
/* End PBXBuildFile section */

/* Begin PBXContainerItemProxy section */
		C6160CE224BC5A5C00ACEA7C /* PBXContainerItemProxy */ = {
			isa = PBXContainerItemProxy;
			containerPortal = C6160CCE24BC5A5C00ACEA7C /* Project object */;
			proxyType = 1;
			remoteGlobalIDString = C6160CD624BC5A5C00ACEA7C;
			remoteInfo = PPG_framework;
		};
/* End PBXContainerItemProxy section */

/* Begin PBXCopyFilesBuildPhase section */
		C629360224BDCC1100485D4B /* Embed Frameworks */ = {
			isa = PBXCopyFilesBuildPhase;
			buildActionMask = 2147483647;
			dstPath = "";
			dstSubfolderSpec = 10;
			files = (
			);
			name = "Embed Frameworks";
			runOnlyForDeploymentPostprocessing = 0;
		};
/* End PBXCopyFilesBuildPhase section */

/* Begin PBXFileReference section */
		7DBA8B9D29349FB100FDB6C8 /* ProjectTag.swift */ = {isa = PBXFileReference; fileEncoding = 4; lastKnownFileType = sourcecode.swift; path = ProjectTag.swift; sourceTree = "<group>"; };
		C6160CD724BC5A5C00ACEA7C /* PPG_framework.framework */ = {isa = PBXFileReference; explicitFileType = wrapper.framework; includeInIndex = 0; path = PPG_framework.framework; sourceTree = BUILT_PRODUCTS_DIR; };
		C6160CDA24BC5A5C00ACEA7C /* PPG_framework.h */ = {isa = PBXFileReference; lastKnownFileType = sourcecode.c.h; path = PPG_framework.h; sourceTree = "<group>"; };
		C6160CDB24BC5A5C00ACEA7C /* Info.plist */ = {isa = PBXFileReference; lastKnownFileType = text.plist.xml; path = Info.plist; sourceTree = "<group>"; };
		C6160CE024BC5A5C00ACEA7C /* PPG_frameworkTests.xctest */ = {isa = PBXFileReference; explicitFileType = wrapper.cfbundle; includeInIndex = 0; path = PPG_frameworkTests.xctest; sourceTree = BUILT_PRODUCTS_DIR; };
		C6160CE524BC5A5C00ACEA7C /* PPG_frameworkTests.swift */ = {isa = PBXFileReference; lastKnownFileType = sourcecode.swift; path = PPG_frameworkTests.swift; sourceTree = "<group>"; };
		C6160CE724BC5A5C00ACEA7C /* Info.plist */ = {isa = PBXFileReference; lastKnownFileType = text.plist.xml; path = Info.plist; sourceTree = "<group>"; };
		C6160CF124BC5BC700ACEA7C /* PPG.swift */ = {isa = PBXFileReference; lastKnownFileType = sourcecode.swift; path = PPG.swift; sourceTree = "<group>"; };
		C6160CF324BC5FAD00ACEA7C /* Enums.swift */ = {isa = PBXFileReference; lastKnownFileType = sourcecode.swift; path = Enums.swift; sourceTree = "<group>"; };
		C629360D24BDCC5B00485D4B /* ApiService.swift */ = {isa = PBXFileReference; lastKnownFileType = sourcecode.swift; path = ApiService.swift; sourceTree = "<group>"; };
		C630D24224BDEAAD00F86145 /* SharedData.swift */ = {isa = PBXFileReference; lastKnownFileType = sourcecode.swift; path = SharedData.swift; sourceTree = "<group>"; };
		C655331E24C034E200A5BE17 /* ApiModels.swift */ = {isa = PBXFileReference; lastKnownFileType = sourcecode.swift; path = ApiModels.swift; sourceTree = "<group>"; };
		C655332824C050C200A5BE17 /* Beacon.swift */ = {isa = PBXFileReference; lastKnownFileType = sourcecode.swift; path = Beacon.swift; sourceTree = "<group>"; };
		C655332A24C050D500A5BE17 /* Event.swift */ = {isa = PBXFileReference; lastKnownFileType = sourcecode.swift; path = Event.swift; sourceTree = "<group>"; };
		C655337F24DBFB3000EABF8B /* UNNotificationAttachment+Init.swift */ = {isa = PBXFileReference; lastKnownFileType = sourcecode.swift; path = "UNNotificationAttachment+Init.swift"; sourceTree = "<group>"; };
		C655338124DC30DA00EABF8B /* README.md */ = {isa = PBXFileReference; lastKnownFileType = net.daringfireball.markdown; path = README.md; sourceTree = "<group>"; };
		C6D4914D24C07A1D000B5A6B /* URLRequest+Headers.swift */ = {isa = PBXFileReference; lastKnownFileType = sourcecode.swift; path = "URLRequest+Headers.swift"; sourceTree = "<group>"; };
/* End PBXFileReference section */

/* Begin PBXFrameworksBuildPhase section */
		C6160CD424BC5A5C00ACEA7C /* Frameworks */ = {
			isa = PBXFrameworksBuildPhase;
			buildActionMask = 2147483647;
			files = (
			);
			runOnlyForDeploymentPostprocessing = 0;
		};
		C6160CDD24BC5A5C00ACEA7C /* Frameworks */ = {
			isa = PBXFrameworksBuildPhase;
			buildActionMask = 2147483647;
			files = (
				C6160CE124BC5A5C00ACEA7C /* PPG_framework.framework in Frameworks */,
			);
			runOnlyForDeploymentPostprocessing = 0;
		};
/* End PBXFrameworksBuildPhase section */

/* Begin PBXGroup section */
		C6160CCD24BC5A5C00ACEA7C = {
			isa = PBXGroup;
			children = (
				C6160CD924BC5A5C00ACEA7C /* PPG_framework */,
				C6160CE424BC5A5C00ACEA7C /* PPG_frameworkTests */,
				C6160CD824BC5A5C00ACEA7C /* Products */,
			);
			sourceTree = "<group>";
		};
		C6160CD824BC5A5C00ACEA7C /* Products */ = {
			isa = PBXGroup;
			children = (
				C6160CD724BC5A5C00ACEA7C /* PPG_framework.framework */,
				C6160CE024BC5A5C00ACEA7C /* PPG_frameworkTests.xctest */,
			);
			name = Products;
			sourceTree = "<group>";
		};
		C6160CD924BC5A5C00ACEA7C /* PPG_framework */ = {
			isa = PBXGroup;
			children = (
				C6160CDA24BC5A5C00ACEA7C /* PPG_framework.h */,
				C6160CDB24BC5A5C00ACEA7C /* Info.plist */,
				C6160CF124BC5BC700ACEA7C /* PPG.swift */,
				C630D24224BDEAAD00F86145 /* SharedData.swift */,
				C6D4914C24C07A06000B5A6B /* Extensions */,
				C655332724C0509A00A5BE17 /* Models */,
				C65E92ED24BDC6DB00570C78 /* Network */,
				C655338124DC30DA00EABF8B /* README.md */,
			);
			path = PPG_framework;
			sourceTree = "<group>";
		};
		C6160CE424BC5A5C00ACEA7C /* PPG_frameworkTests */ = {
			isa = PBXGroup;
			children = (
				C6160CE524BC5A5C00ACEA7C /* PPG_frameworkTests.swift */,
				C6160CE724BC5A5C00ACEA7C /* Info.plist */,
			);
			path = PPG_frameworkTests;
			sourceTree = "<group>";
		};
		C655332724C0509A00A5BE17 /* Models */ = {
			isa = PBXGroup;
			children = (
				7DBA8B9D29349FB100FDB6C8 /* ProjectTag.swift */,
				C6160CF324BC5FAD00ACEA7C /* Enums.swift */,
				C655332824C050C200A5BE17 /* Beacon.swift */,
				C655332A24C050D500A5BE17 /* Event.swift */,
			);
			path = Models;
			sourceTree = "<group>";
		};
		C65E92ED24BDC6DB00570C78 /* Network */ = {
			isa = PBXGroup;
			children = (
				C629360D24BDCC5B00485D4B /* ApiService.swift */,
				C655331E24C034E200A5BE17 /* ApiModels.swift */,
			);
			path = Network;
			sourceTree = "<group>";
		};
		C6D4914C24C07A06000B5A6B /* Extensions */ = {
			isa = PBXGroup;
			children = (
				C6D4914D24C07A1D000B5A6B /* URLRequest+Headers.swift */,
				C655337F24DBFB3000EABF8B /* UNNotificationAttachment+Init.swift */,
			);
			path = Extensions;
			sourceTree = "<group>";
		};
/* End PBXGroup section */

/* Begin PBXHeadersBuildPhase section */
		C6160CD224BC5A5C00ACEA7C /* Headers */ = {
			isa = PBXHeadersBuildPhase;
			buildActionMask = 2147483647;
			files = (
				C6160CE824BC5A5C00ACEA7C /* PPG_framework.h in Headers */,
			);
			runOnlyForDeploymentPostprocessing = 0;
		};
/* End PBXHeadersBuildPhase section */

/* Begin PBXNativeTarget section */
		C6160CD624BC5A5C00ACEA7C /* PPG_framework */ = {
			isa = PBXNativeTarget;
			buildConfigurationList = C6160CEB24BC5A5C00ACEA7C /* Build configuration list for PBXNativeTarget "PPG_framework" */;
			buildPhases = (
				C6160CD224BC5A5C00ACEA7C /* Headers */,
				C6160CD324BC5A5C00ACEA7C /* Sources */,
				C6160CD424BC5A5C00ACEA7C /* Frameworks */,
				C6160CD524BC5A5C00ACEA7C /* Resources */,
				C629360224BDCC1100485D4B /* Embed Frameworks */,
			);
			buildRules = (
			);
			dependencies = (
			);
			name = PPG_framework;
			productName = PPG_framework;
			productReference = C6160CD724BC5A5C00ACEA7C /* PPG_framework.framework */;
			productType = "com.apple.product-type.framework";
		};
		C6160CDF24BC5A5C00ACEA7C /* PPG_frameworkTests */ = {
			isa = PBXNativeTarget;
			buildConfigurationList = C6160CEE24BC5A5C00ACEA7C /* Build configuration list for PBXNativeTarget "PPG_frameworkTests" */;
			buildPhases = (
				B9D64A391758A3EDF71E057C /* [CP] Check Pods Manifest.lock */,
				C6160CDC24BC5A5C00ACEA7C /* Sources */,
				C6160CDD24BC5A5C00ACEA7C /* Frameworks */,
				C6160CDE24BC5A5C00ACEA7C /* Resources */,
				B06A667D950412C5AE962999 /* [CP] Embed Pods Frameworks */,
			);
			buildRules = (
			);
			dependencies = (
				C6160CE324BC5A5C00ACEA7C /* PBXTargetDependency */,
			);
			name = PPG_frameworkTests;
			productName = PPG_frameworkTests;
			productReference = C6160CE024BC5A5C00ACEA7C /* PPG_frameworkTests.xctest */;
			productType = "com.apple.product-type.bundle.unit-test";
		};
/* End PBXNativeTarget section */

/* Begin PBXProject section */
		C6160CCE24BC5A5C00ACEA7C /* Project object */ = {
			isa = PBXProject;
			attributes = {
				LastSwiftUpdateCheck = 1140;
				LastUpgradeCheck = 1140;
				ORGANIZATIONNAME = Goodylabs;
				TargetAttributes = {
					C6160CD624BC5A5C00ACEA7C = {
						CreatedOnToolsVersion = 11.4.1;
						LastSwiftMigration = 1140;
					};
					C6160CDF24BC5A5C00ACEA7C = {
						CreatedOnToolsVersion = 11.4.1;
					};
				};
			};
			buildConfigurationList = C6160CD124BC5A5C00ACEA7C /* Build configuration list for PBXProject "PPG_framework" */;
			compatibilityVersion = "Xcode 9.3";
			developmentRegion = en;
			hasScannedForEncodings = 0;
			knownRegions = (
				en,
				Base,
			);
			mainGroup = C6160CCD24BC5A5C00ACEA7C;
			productRefGroup = C6160CD824BC5A5C00ACEA7C /* Products */;
			projectDirPath = "";
			projectRoot = "";
			targets = (
				C6160CD624BC5A5C00ACEA7C /* PPG_framework */,
				C6160CDF24BC5A5C00ACEA7C /* PPG_frameworkTests */,
			);
		};
/* End PBXProject section */

/* Begin PBXResourcesBuildPhase section */
		C6160CD524BC5A5C00ACEA7C /* Resources */ = {
			isa = PBXResourcesBuildPhase;
			buildActionMask = 2147483647;
			files = (
			);
			runOnlyForDeploymentPostprocessing = 0;
		};
		C6160CDE24BC5A5C00ACEA7C /* Resources */ = {
			isa = PBXResourcesBuildPhase;
			buildActionMask = 2147483647;
			files = (
			);
			runOnlyForDeploymentPostprocessing = 0;
		};
/* End PBXResourcesBuildPhase section */

/* Begin PBXShellScriptBuildPhase section */
		B06A667D950412C5AE962999 /* [CP] Embed Pods Frameworks */ = {
			isa = PBXShellScriptBuildPhase;
			buildActionMask = 2147483647;
			files = (
			);
			inputFileListPaths = (
				"${PODS_ROOT}/Target Support Files/Pods-PPG_framework-PPG_frameworkTests/Pods-PPG_framework-PPG_frameworkTests-frameworks-${CONFIGURATION}-input-files.xcfilelist",
			);
			name = "[CP] Embed Pods Frameworks";
			outputFileListPaths = (
				"${PODS_ROOT}/Target Support Files/Pods-PPG_framework-PPG_frameworkTests/Pods-PPG_framework-PPG_frameworkTests-frameworks-${CONFIGURATION}-output-files.xcfilelist",
			);
			runOnlyForDeploymentPostprocessing = 0;
			shellPath = /bin/sh;
			shellScript = "\"${PODS_ROOT}/Target Support Files/Pods-PPG_framework-PPG_frameworkTests/Pods-PPG_framework-PPG_frameworkTests-frameworks.sh\"\n";
			showEnvVarsInLog = 0;
		};
		B9D64A391758A3EDF71E057C /* [CP] Check Pods Manifest.lock */ = {
			isa = PBXShellScriptBuildPhase;
			buildActionMask = 2147483647;
			files = (
			);
			inputFileListPaths = (
			);
			inputPaths = (
				"${PODS_PODFILE_DIR_PATH}/Podfile.lock",
				"${PODS_ROOT}/Manifest.lock",
			);
			name = "[CP] Check Pods Manifest.lock";
			outputFileListPaths = (
			);
			outputPaths = (
				"$(DERIVED_FILE_DIR)/Pods-PPG_framework-PPG_frameworkTests-checkManifestLockResult.txt",
			);
			runOnlyForDeploymentPostprocessing = 0;
			shellPath = /bin/sh;
			shellScript = "diff \"${PODS_PODFILE_DIR_PATH}/Podfile.lock\" \"${PODS_ROOT}/Manifest.lock\" > /dev/null\nif [ $? != 0 ] ; then\n    # print error to STDERR\n    echo \"error: The sandbox is not in sync with the Podfile.lock. Run 'pod install' or update your CocoaPods installation.\" >&2\n    exit 1\nfi\n# This output is used by Xcode 'outputs' to avoid re-running this script phase.\necho \"SUCCESS\" > \"${SCRIPT_OUTPUT_FILE_0}\"\n";
			showEnvVarsInLog = 0;
		};
/* End PBXShellScriptBuildPhase section */

/* Begin PBXSourcesBuildPhase section */
		C6160CD324BC5A5C00ACEA7C /* Sources */ = {
			isa = PBXSourcesBuildPhase;
			buildActionMask = 2147483647;
			files = (
				C655331F24C034E200A5BE17 /* ApiModels.swift in Sources */,
				C630D24324BDEAAD00F86145 /* SharedData.swift in Sources */,
				C655332B24C050D500A5BE17 /* Event.swift in Sources */,
				C6160CF424BC5FAD00ACEA7C /* Enums.swift in Sources */,
				7DBA8B9E29349FB100FDB6C8 /* ProjectTag.swift in Sources */,
				C655338024DBFB3000EABF8B /* UNNotificationAttachment+Init.swift in Sources */,
				C6D4914E24C07A1D000B5A6B /* URLRequest+Headers.swift in Sources */,
				C655332924C050C200A5BE17 /* Beacon.swift in Sources */,
				C629360E24BDCC5B00485D4B /* ApiService.swift in Sources */,
				C6160CF224BC5BC700ACEA7C /* PPG.swift in Sources */,
			);
			runOnlyForDeploymentPostprocessing = 0;
		};
		C6160CDC24BC5A5C00ACEA7C /* Sources */ = {
			isa = PBXSourcesBuildPhase;
			buildActionMask = 2147483647;
			files = (
				C6160CE624BC5A5C00ACEA7C /* PPG_frameworkTests.swift in Sources */,
			);
			runOnlyForDeploymentPostprocessing = 0;
		};
/* End PBXSourcesBuildPhase section */

/* Begin PBXTargetDependency section */
		C6160CE324BC5A5C00ACEA7C /* PBXTargetDependency */ = {
			isa = PBXTargetDependency;
			target = C6160CD624BC5A5C00ACEA7C /* PPG_framework */;
			targetProxy = C6160CE224BC5A5C00ACEA7C /* PBXContainerItemProxy */;
		};
/* End PBXTargetDependency section */

/* Begin XCBuildConfiguration section */
		C6160CE924BC5A5C00ACEA7C /* Debug */ = {
			isa = XCBuildConfiguration;
			buildSettings = {
				ALWAYS_SEARCH_USER_PATHS = NO;
				CLANG_ANALYZER_NONNULL = YES;
				CLANG_ANALYZER_NUMBER_OBJECT_CONVERSION = YES_AGGRESSIVE;
				CLANG_CXX_LANGUAGE_STANDARD = "gnu++14";
				CLANG_CXX_LIBRARY = "libc++";
				CLANG_ENABLE_MODULES = YES;
				CLANG_ENABLE_OBJC_ARC = YES;
				CLANG_ENABLE_OBJC_WEAK = YES;
				CLANG_WARN_BLOCK_CAPTURE_AUTORELEASING = YES;
				CLANG_WARN_BOOL_CONVERSION = YES;
				CLANG_WARN_COMMA = YES;
				CLANG_WARN_CONSTANT_CONVERSION = YES;
				CLANG_WARN_DEPRECATED_OBJC_IMPLEMENTATIONS = YES;
				CLANG_WARN_DIRECT_OBJC_ISA_USAGE = YES_ERROR;
				CLANG_WARN_DOCUMENTATION_COMMENTS = YES;
				CLANG_WARN_EMPTY_BODY = YES;
				CLANG_WARN_ENUM_CONVERSION = YES;
				CLANG_WARN_INFINITE_RECURSION = YES;
				CLANG_WARN_INT_CONVERSION = YES;
				CLANG_WARN_NON_LITERAL_NULL_CONVERSION = YES;
				CLANG_WARN_OBJC_IMPLICIT_RETAIN_SELF = YES;
				CLANG_WARN_OBJC_LITERAL_CONVERSION = YES;
				CLANG_WARN_OBJC_ROOT_CLASS = YES_ERROR;
				CLANG_WARN_RANGE_LOOP_ANALYSIS = YES;
				CLANG_WARN_STRICT_PROTOTYPES = YES;
				CLANG_WARN_SUSPICIOUS_MOVE = YES;
				CLANG_WARN_UNGUARDED_AVAILABILITY = YES_AGGRESSIVE;
				CLANG_WARN_UNREACHABLE_CODE = YES;
				CLANG_WARN__DUPLICATE_METHOD_MATCH = YES;
				COPY_PHASE_STRIP = NO;
				CURRENT_PROJECT_VERSION = 1;
				DEBUG_INFORMATION_FORMAT = dwarf;
				ENABLE_STRICT_OBJC_MSGSEND = YES;
				ENABLE_TESTABILITY = YES;
				GCC_C_LANGUAGE_STANDARD = gnu11;
				GCC_DYNAMIC_NO_PIC = NO;
				GCC_NO_COMMON_BLOCKS = YES;
				GCC_OPTIMIZATION_LEVEL = 0;
				GCC_PREPROCESSOR_DEFINITIONS = (
					"DEBUG=1",
					"$(inherited)",
				);
				GCC_WARN_64_TO_32_BIT_CONVERSION = YES;
				GCC_WARN_ABOUT_RETURN_TYPE = YES_ERROR;
				GCC_WARN_UNDECLARED_SELECTOR = YES;
				GCC_WARN_UNINITIALIZED_AUTOS = YES_AGGRESSIVE;
				GCC_WARN_UNUSED_FUNCTION = YES;
				GCC_WARN_UNUSED_VARIABLE = YES;
				IPHONEOS_DEPLOYMENT_TARGET = 13.4;
				MTL_ENABLE_DEBUG_INFO = INCLUDE_SOURCE;
				MTL_FAST_MATH = YES;
				ONLY_ACTIVE_ARCH = YES;
				SDKROOT = iphoneos;
				SWIFT_ACTIVE_COMPILATION_CONDITIONS = DEBUG;
				SWIFT_OPTIMIZATION_LEVEL = "-Onone";
				VERSIONING_SYSTEM = "apple-generic";
				VERSION_INFO_PREFIX = "";
			};
			name = Debug;
		};
		C6160CEA24BC5A5C00ACEA7C /* Release */ = {
			isa = XCBuildConfiguration;
			buildSettings = {
				ALWAYS_SEARCH_USER_PATHS = NO;
				CLANG_ANALYZER_NONNULL = YES;
				CLANG_ANALYZER_NUMBER_OBJECT_CONVERSION = YES_AGGRESSIVE;
				CLANG_CXX_LANGUAGE_STANDARD = "gnu++14";
				CLANG_CXX_LIBRARY = "libc++";
				CLANG_ENABLE_MODULES = YES;
				CLANG_ENABLE_OBJC_ARC = YES;
				CLANG_ENABLE_OBJC_WEAK = YES;
				CLANG_WARN_BLOCK_CAPTURE_AUTORELEASING = YES;
				CLANG_WARN_BOOL_CONVERSION = YES;
				CLANG_WARN_COMMA = YES;
				CLANG_WARN_CONSTANT_CONVERSION = YES;
				CLANG_WARN_DEPRECATED_OBJC_IMPLEMENTATIONS = YES;
				CLANG_WARN_DIRECT_OBJC_ISA_USAGE = YES_ERROR;
				CLANG_WARN_DOCUMENTATION_COMMENTS = YES;
				CLANG_WARN_EMPTY_BODY = YES;
				CLANG_WARN_ENUM_CONVERSION = YES;
				CLANG_WARN_INFINITE_RECURSION = YES;
				CLANG_WARN_INT_CONVERSION = YES;
				CLANG_WARN_NON_LITERAL_NULL_CONVERSION = YES;
				CLANG_WARN_OBJC_IMPLICIT_RETAIN_SELF = YES;
				CLANG_WARN_OBJC_LITERAL_CONVERSION = YES;
				CLANG_WARN_OBJC_ROOT_CLASS = YES_ERROR;
				CLANG_WARN_RANGE_LOOP_ANALYSIS = YES;
				CLANG_WARN_STRICT_PROTOTYPES = YES;
				CLANG_WARN_SUSPICIOUS_MOVE = YES;
				CLANG_WARN_UNGUARDED_AVAILABILITY = YES_AGGRESSIVE;
				CLANG_WARN_UNREACHABLE_CODE = YES;
				CLANG_WARN__DUPLICATE_METHOD_MATCH = YES;
				COPY_PHASE_STRIP = NO;
				CURRENT_PROJECT_VERSION = 1;
				DEBUG_INFORMATION_FORMAT = "dwarf-with-dsym";
				ENABLE_NS_ASSERTIONS = NO;
				ENABLE_STRICT_OBJC_MSGSEND = YES;
				GCC_C_LANGUAGE_STANDARD = gnu11;
				GCC_NO_COMMON_BLOCKS = YES;
				GCC_WARN_64_TO_32_BIT_CONVERSION = YES;
				GCC_WARN_ABOUT_RETURN_TYPE = YES_ERROR;
				GCC_WARN_UNDECLARED_SELECTOR = YES;
				GCC_WARN_UNINITIALIZED_AUTOS = YES_AGGRESSIVE;
				GCC_WARN_UNUSED_FUNCTION = YES;
				GCC_WARN_UNUSED_VARIABLE = YES;
				IPHONEOS_DEPLOYMENT_TARGET = 13.4;
				MTL_ENABLE_DEBUG_INFO = NO;
				MTL_FAST_MATH = YES;
				SDKROOT = iphoneos;
				SWIFT_COMPILATION_MODE = wholemodule;
				SWIFT_OPTIMIZATION_LEVEL = "-O";
				VALIDATE_PRODUCT = YES;
				VERSIONING_SYSTEM = "apple-generic";
				VERSION_INFO_PREFIX = "";
			};
			name = Release;
		};
		C6160CEC24BC5A5C00ACEA7C /* Debug */ = {
			isa = XCBuildConfiguration;
			buildSettings = {
				CLANG_ENABLE_MODULES = YES;
				CODE_SIGN_STYLE = Automatic;
				DEFINES_MODULE = YES;
				DEVELOPMENT_TEAM = QEF65KX8Z7;
				DYLIB_COMPATIBILITY_VERSION = 1;
				DYLIB_CURRENT_VERSION = 1;
				DYLIB_INSTALL_NAME_BASE = "@rpath";
				INFOPLIST_FILE = PPG_framework/Info.plist;
				INSTALL_PATH = "$(LOCAL_LIBRARY_DIR)/Frameworks";
				IPHONEOS_DEPLOYMENT_TARGET = 10.0;
				LD_RUNPATH_SEARCH_PATHS = (
					"$(inherited)",
					"@executable_path/Frameworks",
					"@loader_path/Frameworks",
				);
				MARKETING_VERSION = 1.1.0;
				PRODUCT_BUNDLE_IDENTIFIER = "com.PPG-framework";
				PRODUCT_NAME = "$(TARGET_NAME:c99extidentifier)";
				SKIP_INSTALL = YES;
				SWIFT_OPTIMIZATION_LEVEL = "-Onone";
				SWIFT_VERSION = 5.0;
				TARGETED_DEVICE_FAMILY = "1,2";
			};
			name = Debug;
		};
		C6160CED24BC5A5C00ACEA7C /* Release */ = {
			isa = XCBuildConfiguration;
			buildSettings = {
				CLANG_ENABLE_MODULES = YES;
				CODE_SIGN_STYLE = Automatic;
				DEFINES_MODULE = YES;
				DEVELOPMENT_TEAM = QEF65KX8Z7;
				DYLIB_COMPATIBILITY_VERSION = 1;
				DYLIB_CURRENT_VERSION = 1;
				DYLIB_INSTALL_NAME_BASE = "@rpath";
				INFOPLIST_FILE = PPG_framework/Info.plist;
				INSTALL_PATH = "$(LOCAL_LIBRARY_DIR)/Frameworks";
				IPHONEOS_DEPLOYMENT_TARGET = 10.0;
				LD_RUNPATH_SEARCH_PATHS = (
					"$(inherited)",
					"@executable_path/Frameworks",
					"@loader_path/Frameworks",
				);
				MARKETING_VERSION = 1.1.0;
				PRODUCT_BUNDLE_IDENTIFIER = "com.PPG-framework";
				PRODUCT_NAME = "$(TARGET_NAME:c99extidentifier)";
				SKIP_INSTALL = YES;
				SWIFT_VERSION = 5.0;
				TARGETED_DEVICE_FAMILY = "1,2";
			};
			name = Release;
		};
		C6160CEF24BC5A5C00ACEA7C /* Debug */ = {
			isa = XCBuildConfiguration;
			buildSettings = {
				ALWAYS_EMBED_SWIFT_STANDARD_LIBRARIES = YES;
				CODE_SIGN_STYLE = Automatic;
				DEVELOPMENT_TEAM = QEF65KX8Z7;
				INFOPLIST_FILE = PPG_frameworkTests/Info.plist;
				LD_RUNPATH_SEARCH_PATHS = (
					"$(inherited)",
					"@executable_path/Frameworks",
					"@loader_path/Frameworks",
				);
				PRODUCT_BUNDLE_IDENTIFIER = "com.PPG-frameworkTests";
				PRODUCT_NAME = "$(TARGET_NAME)";
				SWIFT_VERSION = 5.0;
				TARGETED_DEVICE_FAMILY = "1,2";
			};
			name = Debug;
		};
		C6160CF024BC5A5C00ACEA7C /* Release */ = {
			isa = XCBuildConfiguration;
			buildSettings = {
				ALWAYS_EMBED_SWIFT_STANDARD_LIBRARIES = YES;
				CODE_SIGN_STYLE = Automatic;
				DEVELOPMENT_TEAM = QEF65KX8Z7;
				INFOPLIST_FILE = PPG_frameworkTests/Info.plist;
				LD_RUNPATH_SEARCH_PATHS = (
					"$(inherited)",
					"@executable_path/Frameworks",
					"@loader_path/Frameworks",
				);
				PRODUCT_BUNDLE_IDENTIFIER = "com.PPG-frameworkTests";
				PRODUCT_NAME = "$(TARGET_NAME)";
				SWIFT_VERSION = 5.0;
				TARGETED_DEVICE_FAMILY = "1,2";
			};
			name = Release;
		};
/* End XCBuildConfiguration section */

/* Begin XCConfigurationList section */
		C6160CD124BC5A5C00ACEA7C /* Build configuration list for PBXProject "PPG_framework" */ = {
			isa = XCConfigurationList;
			buildConfigurations = (
				C6160CE924BC5A5C00ACEA7C /* Debug */,
				C6160CEA24BC5A5C00ACEA7C /* Release */,
			);
			defaultConfigurationIsVisible = 0;
			defaultConfigurationName = Release;
		};
		C6160CEB24BC5A5C00ACEA7C /* Build configuration list for PBXNativeTarget "PPG_framework" */ = {
			isa = XCConfigurationList;
			buildConfigurations = (
				C6160CEC24BC5A5C00ACEA7C /* Debug */,
				C6160CED24BC5A5C00ACEA7C /* Release */,
			);
			defaultConfigurationIsVisible = 0;
			defaultConfigurationName = Release;
		};
		C6160CEE24BC5A5C00ACEA7C /* Build configuration list for PBXNativeTarget "PPG_frameworkTests" */ = {
			isa = XCConfigurationList;
			buildConfigurations = (
				C6160CEF24BC5A5C00ACEA7C /* Debug */,
				C6160CF024BC5A5C00ACEA7C /* Release */,
			);
			defaultConfigurationIsVisible = 0;
			defaultConfigurationName = Release;
		};
/* End XCConfigurationList section */
	};
	rootObject = C6160CCE24BC5A5C00ACEA7C /* Project object */;
}
